# THIS IS AN AUTOGENERATED FILE. DO NOT EDIT THIS FILE DIRECTLY.
# yarn lockfile v1


"@types/delaunator@^2.0.0":
  version "2.0.0"
  resolved "https://registry.yarnpkg.com/@types/delaunator/-/delaunator-2.0.0.tgz#61bd8374db4a75b010e90da162a7fe17fa83fae2"

"@types/lodash@^4.14.116":
  version "4.14.116"
  resolved "https://registry.yarnpkg.com/@types/lodash/-/lodash-4.14.116.tgz#5ccf215653e3e8c786a58390751033a9adca0eb9"

delaunator@^3.0.2:
  version "3.0.2"
  resolved "https://registry.yarnpkg.com/delaunator/-/delaunator-3.0.2.tgz#62d5d9699cd64a736a2bb9c4d957d662452808d0"

lodash@^4.17.11:
  version "4.17.11"
  resolved "https://registry.yarnpkg.com/lodash/-/lodash-4.17.11.tgz#b39ea6229ef607ecd89e2c8df12536891cac9b8d"
